PODS:
  - AFNetworking (2.6.3):
    - AFNetworking/NSURLConnection (= 2.6.3)
    - AFNetworking/NSURLSession (= 2.6.3)
    - AFNetworking/Reachability (= 2.6.3)
    - AFNetworking/Security (= 2.6.3)
    - AFNetworking/Serialization (= 2.6.3)
    - AFNetworking/UIKit (= 2.6.3)
  - AFNetworking/NSURLConnection (2.6.3):
    - AFNetworking/Reachability
    - AFNetworking/Security
    - AFNetworking/Serialization
  - AFNetworking/NSURLSession (2.6.3):
    - AFNetworking/Reachability
    - AFNetworking/Security
    - AFNetworking/Serialization
  - AFNetworking/Reachability (2.6.3)
  - AFNetworking/Security (2.6.3)
  - AFNetworking/Serialization (2.6.3)
  - AFNetworking/UIKit (2.6.3):
    - AFNetworking/NSURLConnection
    - AFNetworking/NSURLSession
  - GDataXML-HTML (1.3.0)
  - JLTMDbClient (0.2.0):
    - AFNetworking (~> 2.0)
  - PicoKit (0.7.2):
    - PicoKit/WebService (= 0.7.2)
  - PicoKit/Core (0.7.2):
    - GDataXML-HTML (~> 1.3.0)
    - PicoKit/OrderedDictionary
    - PicoKit/XMLWriter
  - PicoKit/OrderedDictionary (0.7.2)
  - PicoKit/Soap (0.7.2):
    - PicoKit/Core
  - PicoKit/WebService (0.7.2):
    - AFNetworking (~> 2.6.0)
    - PicoKit/Soap
  - PicoKit/XMLWriter (0.7.2)

DEPENDENCIES:
  - JLTMDbClient (~> 0.2.0)
  - PicoKit

SPEC CHECKSUMS:
  AFNetworking: cb8d14a848e831097108418f5d49217339d4eb60
  GDataXML-HTML: 7adc03668cab35c288f1dbb8929a179f0fece898
  JLTMDbClient: 8671de81ed599acc66a8cb05f48e058ba361f651
  PicoKit: 9079bce659a8d5408c8af1c45254b971df614de3

COCOAPODS: 0.39.0
